{
  "originHash" : "4afdb7eecf322b48fea0edc58b84eb825a5ae470920f8d07026f9122b4d46afc",
  "pins" : [
    {
      "identity" : "combineexpectations",
      "kind" : "remoteSourceControl",
      "location" : "https://github.com/groue/CombineExpectations.git",
      "state" : {
        "branch" : "master",
        "revision" : "04d4e4b21c9e8361925f03f64a7ecda89ef9974f"
      }
    },
    {
      "identity" : "mockingbird",
      "kind" : "remoteSourceControl",
      "location" : "https://github.com/birdrides/mockingbird",
      "state" : {
        "revision" : "6e0d473df6b975719e145f6aebf90990c634700e",
        "version" : "0.20.0"
      }
    },
    {
      "identity" : "reachability.swift",
      "kind" : "remoteSourceControl",
      "location" : "https://github.com/ashleymills/Reachability.swift",
      "state" : {
        "revision" : "7b7018a69c84ea94ac2a38dff626e16ea81d1db9",
        "version" : "5.2.1"
      }
    },
    {
      "identity" : "swinject",
      "kind" : "remoteSourceControl",
      "location" : "https://github.com/Swinject/Swinject.git",
      "state" : {
        "revision" : "13d2d7065253eea1e9ce4d9263cf51c783fdf3f0",
        "version" : "2.8.5"
      }
    },
    {
      "identity" : "swinjectautoregistration",
      "kind" : "remoteSourceControl",
      "location" : "https://github.com/Swinject/SwinjectAutoregistration.git",
      "state" : {
        "revision" : "89f9357680ed65dbc95b66732fe3338aca79064a",
        "version" : "2.8.4"
      }
    }
  ],
  "version" : 3
}
