{
  "originHash" : "42a85f1a960876b78e5324d82a193444ac5d40ae04a48d3b869645a14c71c2a3",
  "pins" : [
    {
      "identity" : "reachability.swift",
      "kind" : "remoteSourceControl",
      "location" : "https://github.com/ashleymills/Reachability.swift",
      "state" : {
        "revision" : "7b7018a69c84ea94ac2a38dff626e16ea81d1db9",
        "version" : "5.2.1"
      }
    },
    {
      "identity" : "swinject",
      "kind" : "remoteSourceControl",
      "location" : "https://github.com/Swinject/Swinject.git",
      "state" : {
        "revision" : "463cb2d659c8ae34899d18057ea5b1bb86fc3178",
        "version" : "2.8.4"
      }
    },
    {
      "identity" : "swinjectautoregistration",
      "kind" : "remoteSourceControl",
      "location" : "https://github.com/Swinject/SwinjectAutoregistration.git",
      "state" : {
        "revision" : "89f9357680ed65dbc95b66732fe3338aca79064a",
        "version" : "2.8.4"
      }
    }
  ],
  "version" : 3
}
